
Microsoft Visual Studio Solution File, Format Version 12.00
# Visual Studio Version 17
VisualStudioVersion = 17.5.002.0
MinimumVisualStudioVersion = 10.0.40219.1
Project("{9A19103F-16F7-4668-BE54-9A1E7A4F7556}") = "DesafioPOO", "DesafioPOO.csproj", "{046555C4-EB95-47EF-8231-9E67B9EE90B5}"
EndProject
Global
	GlobalSection(SolutionConfigurationPlatforms) = preSolution
		Debug|Any CPU = Debug|Any CPU
		Release|Any CPU = Release|Any CPU
	EndGlobalSection
	GlobalSection(ProjectConfigurationPlatforms) = postSolution
		{046555C4-EB95-47EF-8231-9E67B9EE90B5}.Debug|Any CPU.ActiveCfg = Debug|Any CPU
		{046555C4-EB95-47EF-8231-9E67B9EE90B5}.Debug|Any CPU.Build.0 = Debug|Any CPU
		{046555C4-EB95-47EF-8231-9E67B9EE90B5}.Release|Any CPU.ActiveCfg = Release|Any CPU
		{046555C4-EB95-47EF-8231-9E67B9EE90B5}.Release|Any CPU.Build.0 = Release|Any CPU
	EndGlobalSection
	GlobalSection(SolutionProperties) = preSolution
		HideSolutionNode = FALSE
	EndGlobalSection
	GlobalSection(ExtensibilityGlobals) = postSolution
		SolutionGuid = {3852F6E8-5EAF-4C68-8C0C-B8852620C66D}
	EndGlobalSection
EndGlobal
